PODS:
  - BSImagePicker (3.3.1)
  - cloud_firestore (4.8.2):
    - Firebase/Firestore (= 10.10.0)
    - firebase_core
    - Flutter
    - nanopb (< 2.30910.0, >= 2.30908.0)
  - connectivity_plus (0.0.1):
    - Flutter
    - ReachabilitySwift
  - Firebase/Auth (10.10.0):
    - Firebase/CoreOnly
    - FirebaseAuth (~> 10.10.0)
  - Firebase/CoreOnly (10.10.0):
    - FirebaseCore (= 10.10.0)
  - Firebase/Firestore (10.10.0):
    - Firebase/CoreOnly
    - FirebaseFirestore (~> 10.10.0)
  - Firebase/Storage (10.10.0):
    - Firebase/CoreOnly
    - FirebaseStorage (~> 10.10.0)
  - firebase_auth (4.6.3):
    - Firebase/Auth (= 10.10.0)
    - firebase_core
    - Flutter
  - firebase_core (2.14.0):
    - Firebase/CoreOnly (= 10.10.0)
    - Flutter
  - firebase_storage (11.2.4):
    - Firebase/Storage (= 10.10.0)
    - firebase_core
    - Flutter
  - FirebaseAppCheckInterop (10.11.0)
  - FirebaseAuth (10.10.0):
    - FirebaseAppCheckInterop (~> 10.0)
    - FirebaseCore (~> 10.0)
    - GoogleUtilities/AppDelegateSwizzler (~> 7.8)
    - GoogleUtilities/Environment (~> 7.8)
    - GTMSessionFetcher/Core (< 4.0, >= 2.1)
  - FirebaseAuthInterop (10.11.0)
  - FirebaseCore (10.10.0):
    - FirebaseCoreInternal (~> 10.0)
    - GoogleUtilities/Environment (~> 7.8)
    - GoogleUtilities/Logger (~> 7.8)
  - FirebaseCoreExtension (10.11.0):
    - FirebaseCore (~> 10.0)
  - FirebaseCoreInternal (10.11.0):
    - "GoogleUtilities/NSData+zlib (~> 7.8)"
  - FirebaseFirestore (10.10.0):
    - FirebaseFirestore/AutodetectLeveldb (= 10.10.0)
  - FirebaseFirestore/AutodetectLeveldb (10.10.0):
    - FirebaseFirestore/Base
    - FirebaseFirestore/WithLeveldb
  - FirebaseFirestore/Base (10.10.0)
  - FirebaseFirestore/WithLeveldb (10.10.0):
    - FirebaseFirestore/Base
  - FirebaseStorage (10.10.0):
    - FirebaseAppCheckInterop (~> 10.0)
    - FirebaseAuthInterop (~> 10.0)
    - FirebaseCore (~> 10.0)
    - FirebaseCoreExtension (~> 10.0)
    - GTMSessionFetcher/Core (< 4.0, >= 2.1)
  - Flutter (1.0.0)
  - FMDB (2.7.5):
    - FMDB/standard (= 2.7.5)
  - FMDB/standard (2.7.5)
  - google_maps_flutter_ios (0.0.1):
    - Flutter
    - GoogleMaps (< 8.0)
  - GoogleMaps (6.2.1):
    - GoogleMaps/Maps (= 6.2.1)
  - GoogleMaps/Base (6.2.1)
  - GoogleMaps/Maps (6.2.1):
    - GoogleMaps/Base
  - GoogleUtilities/AppDelegateSwizzler (7.11.1):
    - GoogleUtilities/Environment
    - GoogleUtilities/Logger
    - GoogleUtilities/Network
  - GoogleUtilities/Environment (7.11.1):
    - PromisesObjC (< 3.0, >= 1.2)
  - GoogleUtilities/Logger (7.11.1):
    - GoogleUtilities/Environment
  - GoogleUtilities/Network (7.11.1):
    - GoogleUtilities/Logger
    - "GoogleUtilities/NSData+zlib"
    - GoogleUtilities/Reachability
  - "GoogleUtilities/NSData+zlib (7.11.1)"
  - GoogleUtilities/Reachability (7.11.1):
    - GoogleUtilities/Logger
  - GTMSessionFetcher/Core (3.1.1)
  - image_picker_ios (0.0.1):
    - Flutter
  - multi_image_picker_plus (0.0.1):
    - BSImagePicker (~> 3.1)
    - Flutter
  - nanopb (2.30909.0):
    - nanopb/decode (= 2.30909.0)
    - nanopb/encode (= 2.30909.0)
  - nanopb/decode (2.30909.0)
  - nanopb/encode (2.30909.0)
  - path_provider_foundation (0.0.1):
    - Flutter
    - FlutterMacOS
  - PromisesObjC (2.2.0)
  - ReachabilitySwift (5.0.0)
  - rive_common (0.0.1):
    - Flutter
  - shared_preferences_foundation (0.0.1):
    - Flutter
    - FlutterMacOS
  - sqflite (0.0.3):
    - Flutter
    - FMDB (>= 2.7.5)
  - url_launcher_ios (0.0.1):
    - Flutter

DEPENDENCIES:
  - cloud_firestore (from `.symlinks/plugins/cloud_firestore/ios`)
  - connectivity_plus (from `.symlinks/plugins/connectivity_plus/ios`)
  - firebase_auth (from `.symlinks/plugins/firebase_auth/ios`)
  - firebase_core (from `.symlinks/plugins/firebase_core/ios`)
  - firebase_storage (from `.symlinks/plugins/firebase_storage/ios`)
  - FirebaseFirestore (from `https://github.com/invertase/firestore-ios-sdk-frameworks.git`, tag `10.10.0`)
  - Flutter (from `Flutter`)
  - google_maps_flutter_ios (from `.symlinks/plugins/google_maps_flutter_ios/ios`)
  - image_picker_ios (from `.symlinks/plugins/image_picker_ios/ios`)
  - multi_image_picker_plus (from `.symlinks/plugins/multi_image_picker_plus/ios`)
  - path_provider_foundation (from `.symlinks/plugins/path_provider_foundation/darwin`)
  - rive_common (from `.symlinks/plugins/rive_common/ios`)
  - shared_preferences_foundation (from `.symlinks/plugins/shared_preferences_foundation/darwin`)
  - sqflite (from `.symlinks/plugins/sqflite/ios`)
  - url_launcher_ios (from `.symlinks/plugins/url_launcher_ios/ios`)

SPEC REPOS:
  trunk:
    - BSImagePicker
    - Firebase
    - FirebaseAppCheckInterop
    - FirebaseAuth
    - FirebaseAuthInterop
    - FirebaseCore
    - FirebaseCoreExtension
    - FirebaseCoreInternal
    - FirebaseStorage
    - FMDB
    - GoogleMaps
    - GoogleUtilities
    - GTMSessionFetcher
    - nanopb
    - PromisesObjC
    - ReachabilitySwift

EXTERNAL SOURCES:
  cloud_firestore:
    :path: ".symlinks/plugins/cloud_firestore/ios"
  connectivity_plus:
    :path: ".symlinks/plugins/connectivity_plus/ios"
  firebase_auth:
    :path: ".symlinks/plugins/firebase_auth/ios"
  firebase_core:
    :path: ".symlinks/plugins/firebase_core/ios"
  firebase_storage:
    :path: ".symlinks/plugins/firebase_storage/ios"
  FirebaseFirestore:
    :git: https://github.com/invertase/firestore-ios-sdk-frameworks.git
    :tag: 10.10.0
  Flutter:
    :path: Flutter
  google_maps_flutter_ios:
    :path: ".symlinks/plugins/google_maps_flutter_ios/ios"
  image_picker_ios:
    :path: ".symlinks/plugins/image_picker_ios/ios"
  multi_image_picker_plus:
    :path: ".symlinks/plugins/multi_image_picker_plus/ios"
  path_provider_foundation:
    :path: ".symlinks/plugins/path_provider_foundation/darwin"
  rive_common:
    :path: ".symlinks/plugins/rive_common/ios"
  shared_preferences_foundation:
    :path: ".symlinks/plugins/shared_preferences_foundation/darwin"
  sqflite:
    :path: ".symlinks/plugins/sqflite/ios"
  url_launcher_ios:
    :path: ".symlinks/plugins/url_launcher_ios/ios"

CHECKOUT OPTIONS:
  FirebaseFirestore:
    :git: https://github.com/invertase/firestore-ios-sdk-frameworks.git
    :tag: 10.10.0

SPEC CHECKSUMS:
  BSImagePicker: 0fe04b574d4d6b81093785d2af6c26227efc8428
  cloud_firestore: 818ebb1a8235177a0dcf7005c14aed5408b8342c
  connectivity_plus: 07c49e96d7fc92bc9920617b83238c4d178b446a
  Firebase: facd334e557a979bd03a0b58d90fd56b52b8aba0
  firebase_auth: 9905bc3d82328b5050a8b7cb410a959f150b6549
  firebase_core: 85b6664038311940ad60584eaabc73103c61f5de
  firebase_storage: b840c83ddfe3af84f0560a7403b7c0c09bb13069
  FirebaseAppCheckInterop: 255b6c0292fe5da995c8b2df0c02f6a3ca7f61b4
  FirebaseAuth: 5ddbe23ebc4e647469261f5c59cd12a04f37c8e6
  FirebaseAuthInterop: 44e34efef7145776a107b9e7f79ed44beb4738fa
  FirebaseCore: d027ff503d37edb78db98429b11f580a24a7df2a
  FirebaseCoreExtension: cacdad57fdb60e0b86dcbcac058ec78237946759
  FirebaseCoreInternal: 9e46c82a14a3b3a25be4e1e151ce6d21536b89c0
  FirebaseFirestore: b4b875bbcf4c2f7edac19064e5fc31bf814e963e
  FirebaseStorage: a12297f786e81e653864d87723ec30381eb90220
  Flutter: f04841e97a9d0b0a8025694d0796dd46242b2854
  FMDB: 2ce00b547f966261cd18927a3ddb07cb6f3db82a
  google_maps_flutter_ios: abdac20d6ce8931f6ebc5f46616df241bfaa2cfd
  GoogleMaps: 20d7b12be49a14287f797e88e0e31bc4156aaeb4
  GoogleUtilities: 9aa0ad5a7bc171f8bae016300bfcfa3fb8425749
  GTMSessionFetcher: e8647203b65cee28c5f73d0f473d096653945e72
  image_picker_ios: 4a8aadfbb6dc30ad5141a2ce3832af9214a705b5
  multi_image_picker_plus: b95d83279b5019ce4637ef17ca3aa14a557ffea6
  nanopb: b552cce312b6c8484180ef47159bc0f65a1f0431
  path_provider_foundation: eaf5b3e458fc0e5fbb9940fb09980e853fe058b8
  PromisesObjC: 09985d6d70fbe7878040aa746d78236e6946d2ef
  ReachabilitySwift: 985039c6f7b23a1da463388634119492ff86c825
  rive_common: 8a159d68033a8b073e5853acc50f03aa486a2888
  shared_preferences_foundation: 5b919d13b803cadd15ed2dc053125c68730e5126
  sqflite: 31f7eba61e3074736dff8807a9b41581e4f7f15a
  url_launcher_ios: 08a3dfac5fb39e8759aeb0abbd5d9480f30fc8b4

PODFILE CHECKSUM: a9d7279efd05166527c797c8db18ff30bd1cd3c2

COCOAPODS: 1.12.1
